# THIS IS AN AUTOGENERATED FILE. DO NOT EDIT THIS FILE DIRECTLY.
# yarn lockfile v1


ansi-colors@^3.2.1:
  version "3.2.2"
  resolved "https://registry.yarnpkg.com/ansi-colors/-/ansi-colors-3.2.2.tgz#e49349137dbeb6d381b91e607c189915e53265ba"
  integrity sha512-kJmcp4PrviBBEx95fC3dYRiC/QSN3EBd0GU1XoNEk/IuUa92rsB6o90zP3w5VAyNznR38Vkc9i8vk5zK6T7TxA==

commander@^2.19.0:
  version "2.19.0"
  resolved "https://registry.yarnpkg.com/commander/-/commander-2.19.0.tgz#f6198aa84e5b83c46054b94ddedbfed5ee9ff12a"
  integrity sha512-6tvAOO+D6OENvRAh524Dh9jcfKTYDQAqvqezbCW82xj5X0pSrcpxtvRKHLG0yBY6SD7PSDrJaj+0AiOcKVd1Xg==

enquirer@^2.1.1:
  version "2.1.1"
  resolved "https://registry.yarnpkg.com/enquirer/-/enquirer-2.1.1.tgz#14422b1204571cdbd1396a371767d8addaed1675"
  integrity sha512-Ky4Uo7q/dY9jSJIDkPf+y5nM+9F4ESINZaWJSSJbJqOVY15kVXIa/goQR6XmHNcS/MQ38wZT/N2+1pBwQeC2wQ==
  dependencies:
    ansi-colors "^3.2.1"
